# THIS IS AN AUTOGENERATED FILE. DO NOT EDIT THIS FILE DIRECTLY.
# yarn lockfile v1


cl-uni@^1.8.14:
  version "1.8.14"
  resolved "https://registry.yarnpkg.com/cl-uni/-/cl-uni-1.8.14.tgz#43a03268c759c3989c5be66bf10eda0dfa7e0570"
  integrity sha512-oCshU5VmWdWZg96wTV+aSEvVkB5mRi+vpnqif9gPD5U8qC2fcRpOH9iXKoiskPq8zfBqnVqxUP8Bl0Bi5qOBGA==
